
Microsoft Visual Studio Solution File, Format Version 12.00
# Visual Studio Version 17
VisualStudioVersion = 17.5.33530.505
MinimumVisualStudioVersion = 10.0.40219.1
Project("{9A19103F-16F7-4668-BE54-9A1E7A4F7556}") = "FlightDocsSystem", "FlightDocsSystem\FlightDocsSystem.csproj", "{F7477633-9827-4189-8B27-F279E727B32D}"
EndProject
Project("{9A19103F-16F7-4668-BE54-9A1E7A4F7556}") = "FlightDocsSystem.DataAccess", "FlightDocsSystem.DataAccess\FlightDocsSystem.DataAccess.csproj", "{B4765F49-4DD6-44BE-A0E8-D2DA8AE57343}"
EndProject
Project("{9A19103F-16F7-4668-BE54-9A1E7A4F7556}") = "FlightDocsSystem.Model", "FlightDocsSystem.Model\FlightDocsSystem.Model.csproj", "{08660072-7F29-4187-B8FE-A7C6C1D15F75}"
EndProject
Global
	GlobalSection(SolutionConfigurationPlatforms) = preSolution
		Debug|Any CPU = Debug|Any CPU
		Release|Any CPU = Release|Any CPU
	EndGlobalSection
	GlobalSection(ProjectConfigurationPlatforms) = postSolution
		{F7477633-9827-4189-8B27-F279E727B32D}.Debug|Any CPU.ActiveCfg = Debug|Any CPU
		{F7477633-9827-4189-8B27-F279E727B32D}.Debug|Any CPU.Build.0 = Debug|Any CPU
		{F7477633-9827-4189-8B27-F279E727B32D}.Release|Any CPU.ActiveCfg = Release|Any CPU
		{F7477633-9827-4189-8B27-F279E727B32D}.Release|Any CPU.Build.0 = Release|Any CPU
		{B4765F49-4DD6-44BE-A0E8-D2DA8AE57343}.Debug|Any CPU.ActiveCfg = Debug|Any CPU
		{B4765F49-4DD6-44BE-A0E8-D2DA8AE57343}.Debug|Any CPU.Build.0 = Debug|Any CPU
		{B4765F49-4DD6-44BE-A0E8-D2DA8AE57343}.Release|Any CPU.ActiveCfg = Release|Any CPU
		{B4765F49-4DD6-44BE-A0E8-D2DA8AE57343}.Release|Any CPU.Build.0 = Release|Any CPU
		{08660072-7F29-4187-B8FE-A7C6C1D15F75}.Debug|Any CPU.ActiveCfg = Debug|Any CPU
		{08660072-7F29-4187-B8FE-A7C6C1D15F75}.Debug|Any CPU.Build.0 = Debug|Any CPU
		{08660072-7F29-4187-B8FE-A7C6C1D15F75}.Release|Any CPU.ActiveCfg = Release|Any CPU
		{08660072-7F29-4187-B8FE-A7C6C1D15F75}.Release|Any CPU.Build.0 = Release|Any CPU
	EndGlobalSection
	GlobalSection(SolutionProperties) = preSolution
		HideSolutionNode = FALSE
	EndGlobalSection
	GlobalSection(ExtensibilityGlobals) = postSolution
		SolutionGuid = {A0947AB4-F8E1-448E-A50C-2FDF31194A53}
	EndGlobalSection
EndGlobal
